// !$*UTF8*$!
{
	archiveVersion = 1;
	classes = {
	};
	objectVersion = 56;
	objects = {

/* Begin PBXBuildFile section */
		86D6F51129361C1D006EF087 /* AppDelegate.swift in Sources */ = {isa = PBXBuildFile; fileRef = 86D6F51029361C1D006EF087 /* AppDelegate.swift */; };
		86D6F51329361C1D006EF087 /* SceneDelegate.swift in Sources */ = {isa = PBXBuildFile; fileRef = 86D6F51229361C1D006EF087 /* SceneDelegate.swift */; };
		86D6F51529361C1D006EF087 /* ViewController.swift in Sources */ = {isa = PBXBuildFile; fileRef = 86D6F51429361C1D006EF087 /* ViewController.swift */; };
		86D6F51829361C1D006EF087 /* Main.storyboard in Resources */ = {isa = PBXBuildFile; fileRef = 86D6F51629361C1D006EF087 /* Main.storyboard */; };
		86D6F51A29361C1E006EF087 /* Assets.xcassets in Resources */ = {isa = PBXBuildFile; fileRef = 86D6F51929361C1E006EF087 /* Assets.xcassets */; };
		86D6F51D29361C1E006EF087 /* LaunchScreen.storyboard in Resources */ = {isa = PBXBuildFile; fileRef = 86D6F51B29361C1E006EF087 /* LaunchScreen.storyboard */; };
		86D6F52829361C1E006EF087 /* SQLite_GirisTests.swift in Sources */ = {isa = PBXBuildFile; fileRef = 86D6F52729361C1E006EF087 /* SQLite_GirisTests.swift */; };
		86D6F53229361C1E006EF087 /* SQLite_GirisUITests.swift in Sources */ = {isa = PBXBuildFile; fileRef = 86D6F53129361C1E006EF087 /* SQLite_GirisUITests.swift */; };
		86D6F53429361C1E006EF087 /* SQLite_GirisUITestsLaunchTests.swift in Sources */ = {isa = PBXBuildFile; fileRef = 86D6F53329361C1E006EF087 /* SQLite_GirisUITestsLaunchTests.swift */; };
		86D6F54E29361C91006EF087 /* FMDatabasePool.m in Sources */ = {isa = PBXBuildFile; fileRef = 86D6F54429361C8F006EF087 /* FMDatabasePool.m */; };
		86D6F54F29361C91006EF087 /* FMDatabaseAdditions.m in Sources */ = {isa = PBXBuildFile; fileRef = 86D6F54529361C8F006EF087 /* FMDatabaseAdditions.m */; };
		86D6F55029361C91006EF087 /* FMDatabaseQueue.m in Sources */ = {isa = PBXBuildFile; fileRef = 86D6F54629361C90006EF087 /* FMDatabaseQueue.m */; };
		86D6F55129361C91006EF087 /* FMResultSet.m in Sources */ = {isa = PBXBuildFile; fileRef = 86D6F54C29361C90006EF087 /* FMResultSet.m */; };
		86D6F55229361C91006EF087 /* FMDatabase.m in Sources */ = {isa = PBXBuildFile; fileRef = 86D6F54D29361C90006EF087 /* FMDatabase.m */; };
		86D6F55429362E24006EF087 /* kisilergiris.sqlite in Resources */ = {isa = PBXBuildFile; fileRef = 86D6F55329362E24006EF087 /* kisilergiris.sqlite */; };
		86D6F556293673EF006EF087 /* Kisiler.swift in Sources */ = {isa = PBXBuildFile; fileRef = 86D6F555293673EF006EF087 /* Kisiler.swift */; };
		86D6F55829367495006EF087 /* Kisilerdao.swift in Sources */ = {isa = PBXBuildFile; fileRef = 86D6F55729367495006EF087 /* Kisilerdao.swift */; };
/* End PBXBuildFile section */

/* Begin PBXContainerItemProxy section */
		86D6F52429361C1E006EF087 /* PBXContainerItemProxy */ = {
			isa = PBXContainerItemProxy;
			containerPortal = 86D6F50529361C1D006EF087 /* Project object */;
			proxyType = 1;
			remoteGlobalIDString = 86D6F50C29361C1D006EF087;
			remoteInfo = "SQLite Giris";
		};
		86D6F52E29361C1E006EF087 /* PBXContainerItemProxy */ = {
			isa = PBXContainerItemProxy;
			containerPortal = 86D6F50529361C1D006EF087 /* Project object */;
			proxyType = 1;
			remoteGlobalIDString = 86D6F50C29361C1D006EF087;
			remoteInfo = "SQLite Giris";
		};
/* End PBXContainerItemProxy section */

/* Begin PBXFileReference section */
		86D6F50D29361C1D006EF087 /* SQLite Giris.app */ = {isa = PBXFileReference; explicitFileType = wrapper.application; includeInIndex = 0; path = "SQLite Giris.app"; sourceTree = BUILT_PRODUCTS_DIR; };
		86D6F51029361C1D006EF087 /* AppDelegate.swift */ = {isa = PBXFileReference; lastKnownFileType = sourcecode.swift; path = AppDelegate.swift; sourceTree = "<group>"; };
		86D6F51229361C1D006EF087 /* SceneDelegate.swift */ = {isa = PBXFileReference; lastKnownFileType = sourcecode.swift; path = SceneDelegate.swift; sourceTree = "<group>"; };
		86D6F51429361C1D006EF087 /* ViewController.swift */ = {isa = PBXFileReference; lastKnownFileType = sourcecode.swift; path = ViewController.swift; sourceTree = "<group>"; };
		86D6F51729361C1D006EF087 /* Base */ = {isa = PBXFileReference; lastKnownFileType = file.storyboard; name = Base; path = Base.lproj/Main.storyboard; sourceTree = "<group>"; };
		86D6F51929361C1E006EF087 /* Assets.xcassets */ = {isa = PBXFileReference; lastKnownFileType = folder.assetcatalog; path = Assets.xcassets; sourceTree = "<group>"; };
		86D6F51C29361C1E006EF087 /* Base */ = {isa = PBXFileReference; lastKnownFileType = file.storyboard; name = Base; path = Base.lproj/LaunchScreen.storyboard; sourceTree = "<group>"; };
		86D6F51E29361C1E006EF087 /* Info.plist */ = {isa = PBXFileReference; lastKnownFileType = text.plist.xml; path = Info.plist; sourceTree = "<group>"; };
		86D6F52329361C1E006EF087 /* SQLite GirisTests.xctest */ = {isa = PBXFileReference; explicitFileType = wrapper.cfbundle; includeInIndex = 0; path = "SQLite GirisTests.xctest"; sourceTree = BUILT_PRODUCTS_DIR; };
		86D6F52729361C1E006EF087 /* SQLite_GirisTests.swift */ = {isa = PBXFileReference; lastKnownFileType = sourcecode.swift; path = SQLite_GirisTests.swift; sourceTree = "<group>"; };
		86D6F52D29361C1E006EF087 /* SQLite GirisUITests.xctest */ = {isa = PBXFileReference; explicitFileType = wrapper.cfbundle; includeInIndex = 0; path = "SQLite GirisUITests.xctest"; sourceTree = BUILT_PRODUCTS_DIR; };
		86D6F53129361C1E006EF087 /* SQLite_GirisUITests.swift */ = {isa = PBXFileReference; lastKnownFileType = sourcecode.swift; path = SQLite_GirisUITests.swift; sourceTree = "<group>"; };
		86D6F53329361C1E006EF087 /* SQLite_GirisUITestsLaunchTests.swift */ = {isa = PBXFileReference; lastKnownFileType = sourcecode.swift; path = SQLite_GirisUITestsLaunchTests.swift; sourceTree = "<group>"; };
		86D6F54129361C58006EF087 /* libsqlite3.tbd */ = {isa = PBXFileReference; lastKnownFileType = "sourcecode.text-based-dylib-definition"; name = libsqlite3.tbd; path = usr/lib/libsqlite3.tbd; sourceTree = SDKROOT; };
		86D6F54229361C8F006EF087 /* SQLite Giris-Bridging-Header.h */ = {isa = PBXFileReference; lastKnownFileType = sourcecode.c.h; path = "SQLite Giris-Bridging-Header.h"; sourceTree = "<group>"; };
		86D6F54329361C8F006EF087 /* FMResultSet.h */ = {isa = PBXFileReference; fileEncoding = 4; lastKnownFileType = sourcecode.c.h; path = FMResultSet.h; sourceTree = "<group>"; };
		86D6F54429361C8F006EF087 /* FMDatabasePool.m */ = {isa = PBXFileReference; fileEncoding = 4; lastKnownFileType = sourcecode.c.objc; path = FMDatabasePool.m; sourceTree = "<group>"; };
		86D6F54529361C8F006EF087 /* FMDatabaseAdditions.m */ = {isa = PBXFileReference; fileEncoding = 4; lastKnownFileType = sourcecode.c.objc; path = FMDatabaseAdditions.m; sourceTree = "<group>"; };
		86D6F54629361C90006EF087 /* FMDatabaseQueue.m */ = {isa = PBXFileReference; fileEncoding = 4; lastKnownFileType = sourcecode.c.objc; path = FMDatabaseQueue.m; sourceTree = "<group>"; };
		86D6F54729361C90006EF087 /* FMDatabasePool.h */ = {isa = PBXFileReference; fileEncoding = 4; lastKnownFileType = sourcecode.c.h; path = FMDatabasePool.h; sourceTree = "<group>"; };
		86D6F54829361C90006EF087 /* FMDatabaseQueue.h */ = {isa = PBXFileReference; fileEncoding = 4; lastKnownFileType = sourcecode.c.h; path = FMDatabaseQueue.h; sourceTree = "<group>"; };
		86D6F54929361C90006EF087 /* FMDatabaseAdditions.h */ = {isa = PBXFileReference; fileEncoding = 4; lastKnownFileType = sourcecode.c.h; path = FMDatabaseAdditions.h; sourceTree = "<group>"; };
		86D6F54A29361C90006EF087 /* FMDatabase.h */ = {isa = PBXFileReference; fileEncoding = 4; lastKnownFileType = sourcecode.c.h; path = FMDatabase.h; sourceTree = "<group>"; };
		86D6F54B29361C90006EF087 /* FMDB.h */ = {isa = PBXFileReference; fileEncoding = 4; lastKnownFileType = sourcecode.c.h; path = FMDB.h; sourceTree = "<group>"; };
		86D6F54C29361C90006EF087 /* FMResultSet.m */ = {isa = PBXFileReference; fileEncoding = 4; lastKnownFileType = sourcecode.c.objc; path = FMResultSet.m; sourceTree = "<group>"; };
		86D6F54D29361C90006EF087 /* FMDatabase.m */ = {isa = PBXFileReference; fileEncoding = 4; lastKnownFileType = sourcecode.c.objc; path = FMDatabase.m; sourceTree = "<group>"; };
		86D6F55329362E24006EF087 /* kisilergiris.sqlite */ = {isa = PBXFileReference; lastKnownFileType = file; path = kisilergiris.sqlite; sourceTree = "<group>"; };
		86D6F555293673EF006EF087 /* Kisiler.swift */ = {isa = PBXFileReference; lastKnownFileType = sourcecode.swift; path = Kisiler.swift; sourceTree = "<group>"; };
		86D6F55729367495006EF087 /* Kisilerdao.swift */ = {isa = PBXFileReference; lastKnownFileType = sourcecode.swift; path = Kisilerdao.swift; sourceTree = "<group>"; };
/* End PBXFileReference section */

/* Begin PBXFrameworksBuildPhase section */
		86D6F50A29361C1D006EF087 /* Frameworks */ = {
			isa = PBXFrameworksBuildPhase;
			buildActionMask = 2147483647;
			files = (
			);
			runOnlyForDeploymentPostprocessing = 0;
		};
		86D6F52029361C1E006EF087 /* Frameworks */ = {
			isa = PBXFrameworksBuildPhase;
			buildActionMask = 2147483647;
			files = (
			);
			runOnlyForDeploymentPostprocessing = 0;
		};
		86D6F52A29361C1E006EF087 /* Frameworks */ = {
			isa = PBXFrameworksBuildPhase;
			buildActionMask = 2147483647;
			files = (
			);
			runOnlyForDeploymentPostprocessing = 0;
		};
/* End PBXFrameworksBuildPhase section */

/* Begin PBXGroup section */
		86D6F50429361C1D006EF087 = {
			isa = PBXGroup;
			children = (
				86D6F50F29361C1D006EF087 /* SQLite Giris */,
				86D6F52629361C1E006EF087 /* SQLite GirisTests */,
				86D6F53029361C1E006EF087 /* SQLite GirisUITests */,
				86D6F50E29361C1D006EF087 /* Products */,
				86D6F54029361C58006EF087 /* Frameworks */,
			);
			sourceTree = "<group>";
		};
		86D6F50E29361C1D006EF087 /* Products */ = {
			isa = PBXGroup;
			children = (
				86D6F50D29361C1D006EF087 /* SQLite Giris.app */,
				86D6F52329361C1E006EF087 /* SQLite GirisTests.xctest */,
				86D6F52D29361C1E006EF087 /* SQLite GirisUITests.xctest */,
			);
			name = Products;
			sourceTree = "<group>";
		};
		86D6F50F29361C1D006EF087 /* SQLite Giris */ = {
			isa = PBXGroup;
			children = (
				86D6F55A29368BB9006EF087 /* FMDatabase */,
				86D6F55929368BAB006EF087 /* App */,
				86D6F51429361C1D006EF087 /* ViewController.swift */,
				86D6F55729367495006EF087 /* Kisilerdao.swift */,
				86D6F555293673EF006EF087 /* Kisiler.swift */,
				86D6F51629361C1D006EF087 /* Main.storyboard */,
				86D6F51929361C1E006EF087 /* Assets.xcassets */,
				86D6F51B29361C1E006EF087 /* LaunchScreen.storyboard */,
				86D6F51E29361C1E006EF087 /* Info.plist */,
				86D6F55329362E24006EF087 /* kisilergiris.sqlite */,
				86D6F54229361C8F006EF087 /* SQLite Giris-Bridging-Header.h */,
			);
			path = "SQLite Giris";
			sourceTree = "<group>";
		};
		86D6F52629361C1E006EF087 /* SQLite GirisTests */ = {
			isa = PBXGroup;
			children = (
				86D6F52729361C1E006EF087 /* SQLite_GirisTests.swift */,
			);
			path = "SQLite GirisTests";
			sourceTree = "<group>";
		};
		86D6F53029361C1E006EF087 /* SQLite GirisUITests */ = {
			isa = PBXGroup;
			children = (
				86D6F53129361C1E006EF087 /* SQLite_GirisUITests.swift */,
				86D6F53329361C1E006EF087 /* SQLite_GirisUITestsLaunchTests.swift */,
			);
			path = "SQLite GirisUITests";
			sourceTree = "<group>";
		};
		86D6F54029361C58006EF087 /* Frameworks */ = {
			isa = PBXGroup;
			children = (
				86D6F54129361C58006EF087 /* libsqlite3.tbd */,
			);
			name = Frameworks;
			sourceTree = "<group>";
		};
		86D6F55929368BAB006EF087 /* App */ = {
			isa = PBXGroup;
			children = (
				86D6F51029361C1D006EF087 /* AppDelegate.swift */,
				86D6F51229361C1D006EF087 /* SceneDelegate.swift */,
			);
			path = App;
			sourceTree = "<group>";
		};
		86D6F55A29368BB9006EF087 /* FMDatabase */ = {
			isa = PBXGroup;
			children = (
				86D6F54A29361C90006EF087 /* FMDatabase.h */,
				86D6F54D29361C90006EF087 /* FMDatabase.m */,
				86D6F54929361C90006EF087 /* FMDatabaseAdditions.h */,
				86D6F54529361C8F006EF087 /* FMDatabaseAdditions.m */,
				86D6F54729361C90006EF087 /* FMDatabasePool.h */,
				86D6F54429361C8F006EF087 /* FMDatabasePool.m */,
				86D6F54829361C90006EF087 /* FMDatabaseQueue.h */,
				86D6F54629361C90006EF087 /* FMDatabaseQueue.m */,
				86D6F54B29361C90006EF087 /* FMDB.h */,
				86D6F54329361C8F006EF087 /* FMResultSet.h */,
				86D6F54C29361C90006EF087 /* FMResultSet.m */,
			);
			path = FMDatabase;
			sourceTree = "<group>";
		};
/* End PBXGroup section */

/* Begin PBXNativeTarget section */
		86D6F50C29361C1D006EF087 /* SQLite Giris */ = {
			isa = PBXNativeTarget;
			buildConfigurationList = 86D6F53729361C1E006EF087 /* Build configuration list for PBXNativeTarget "SQLite Giris" */;
			buildPhases = (
				86D6F50929361C1D006EF087 /* Sources */,
				86D6F50A29361C1D006EF087 /* Frameworks */,
				86D6F50B29361C1D006EF087 /* Resources */,
			);
			buildRules = (
			);
			dependencies = (
			);
			name = "SQLite Giris";
			productName = "SQLite Giris";
			productReference = 86D6F50D29361C1D006EF087 /* SQLite Giris.app */;
			productType = "com.apple.product-type.application";
		};
		86D6F52229361C1E006EF087 /* SQLite GirisTests */ = {
			isa = PBXNativeTarget;
			buildConfigurationList = 86D6F53A29361C1E006EF087 /* Build configuration list for PBXNativeTarget "SQLite GirisTests" */;
			buildPhases = (
				86D6F51F29361C1E006EF087 /* Sources */,
				86D6F52029361C1E006EF087 /* Frameworks */,
				86D6F52129361C1E006EF087 /* Resources */,
			);
			buildRules = (
			);
			dependencies = (
				86D6F52529361C1E006EF087 /* PBXTargetDependency */,
			);
			name = "SQLite GirisTests";
			productName = "SQLite GirisTests";
			productReference = 86D6F52329361C1E006EF087 /* SQLite GirisTests.xctest */;
			productType = "com.apple.product-type.bundle.unit-test";
		};
		86D6F52C29361C1E006EF087 /* SQLite GirisUITests */ = {
			isa = PBXNativeTarget;
			buildConfigurationList = 86D6F53D29361C1E006EF087 /* Build configuration list for PBXNativeTarget "SQLite GirisUITests" */;
			buildPhases = (
				86D6F52929361C1E006EF087 /* Sources */,
				86D6F52A29361C1E006EF087 /* Frameworks */,
				86D6F52B29361C1E006EF087 /* Resources */,
			);
			buildRules = (
			);
			dependencies = (
				86D6F52F29361C1E006EF087 /* PBXTargetDependency */,
			);
			name = "SQLite GirisUITests";
			productName = "SQLite GirisUITests";
			productReference = 86D6F52D29361C1E006EF087 /* SQLite GirisUITests.xctest */;
			productType = "com.apple.product-type.bundle.ui-testing";
		};
/* End PBXNativeTarget section */

/* Begin PBXProject section */
		86D6F50529361C1D006EF087 /* Project object */ = {
			isa = PBXProject;
			attributes = {
				BuildIndependentTargetsInParallel = 1;
				LastSwiftUpdateCheck = 1400;
				LastUpgradeCheck = 1400;
				TargetAttributes = {
					86D6F50C29361C1D006EF087 = {
						CreatedOnToolsVersion = 14.0.1;
						LastSwiftMigration = 1400;
					};
					86D6F52229361C1E006EF087 = {
						CreatedOnToolsVersion = 14.0.1;
						TestTargetID = 86D6F50C29361C1D006EF087;
					};
					86D6F52C29361C1E006EF087 = {
						CreatedOnToolsVersion = 14.0.1;
						TestTargetID = 86D6F50C29361C1D006EF087;
					};
				};
			};
			buildConfigurationList = 86D6F50829361C1D006EF087 /* Build configuration list for PBXProject "SQLite Giris" */;
			compatibilityVersion = "Xcode 14.0";
			developmentRegion = en;
			hasScannedForEncodings = 0;
			knownRegions = (
				en,
				Base,
			);
			mainGroup = 86D6F50429361C1D006EF087;
			productRefGroup = 86D6F50E29361C1D006EF087 /* Products */;
			projectDirPath = "";
			projectRoot = "";
			targets = (
				86D6F50C29361C1D006EF087 /* SQLite Giris */,
				86D6F52229361C1E006EF087 /* SQLite GirisTests */,
				86D6F52C29361C1E006EF087 /* SQLite GirisUITests */,
			);
		};
/* End PBXProject section */

/* Begin PBXResourcesBuildPhase section */
		86D6F50B29361C1D006EF087 /* Resources */ = {
			isa = PBXResourcesBuildPhase;
			buildActionMask = 2147483647;
			files = (
				86D6F55429362E24006EF087 /* kisilergiris.sqlite in Resources */,
				86D6F51D29361C1E006EF087 /* LaunchScreen.storyboard in Resources */,
				86D6F51A29361C1E006EF087 /* Assets.xcassets in Resources */,
				86D6F51829361C1D006EF087 /* Main.storyboard in Resources */,
			);
			runOnlyForDeploymentPostprocessing = 0;
		};
		86D6F52129361C1E006EF087 /* Resources */ = {
			isa = PBXResourcesBuildPhase;
			buildActionMask = 2147483647;
			files = (
			);
			runOnlyForDeploymentPostprocessing = 0;
		};
		86D6F52B29361C1E006EF087 /* Resources */ = {
			isa = PBXResourcesBuildPhase;
			buildActionMask = 2147483647;
			files = (
			);
			runOnlyForDeploymentPostprocessing = 0;
		};
/* End PBXResourcesBuildPhase section */

/* Begin PBXSourcesBuildPhase section */
		86D6F50929361C1D006EF087 /* Sources */ = {
			isa = PBXSourcesBuildPhase;
			buildActionMask = 2147483647;
			files = (
				86D6F51529361C1D006EF087 /* ViewController.swift in Sources */,
				86D6F54E29361C91006EF087 /* FMDatabasePool.m in Sources */,
				86D6F55129361C91006EF087 /* FMResultSet.m in Sources */,
				86D6F51129361C1D006EF087 /* AppDelegate.swift in Sources */,
				86D6F51329361C1D006EF087 /* SceneDelegate.swift in Sources */,
				86D6F54F29361C91006EF087 /* FMDatabaseAdditions.m in Sources */,
				86D6F55029361C91006EF087 /* FMDatabaseQueue.m in Sources */,
				86D6F55229361C91006EF087 /* FMDatabase.m in Sources */,
				86D6F55829367495006EF087 /* Kisilerdao.swift in Sources */,
				86D6F556293673EF006EF087 /* Kisiler.swift in Sources */,
			);
			runOnlyForDeploymentPostprocessing = 0;
		};
		86D6F51F29361C1E006EF087 /* Sources */ = {
			isa = PBXSourcesBuildPhase;
			buildActionMask = 2147483647;
			files = (
				86D6F52829361C1E006EF087 /* SQLite_GirisTests.swift in Sources */,
			);
			runOnlyForDeploymentPostprocessing = 0;
		};
		86D6F52929361C1E006EF087 /* Sources */ = {
			isa = PBXSourcesBuildPhase;
			buildActionMask = 2147483647;
			files = (
				86D6F53229361C1E006EF087 /* SQLite_GirisUITests.swift in Sources */,
				86D6F53429361C1E006EF087 /* SQLite_GirisUITestsLaunchTests.swift in Sources */,
			);
			runOnlyForDeploymentPostprocessing = 0;
		};
/* End PBXSourcesBuildPhase section */

/* Begin PBXTargetDependency section */
		86D6F52529361C1E006EF087 /* PBXTargetDependency */ = {
			isa = PBXTargetDependency;
			target = 86D6F50C29361C1D006EF087 /* SQLite Giris */;
			targetProxy = 86D6F52429361C1E006EF087 /* PBXContainerItemProxy */;
		};
		86D6F52F29361C1E006EF087 /* PBXTargetDependency */ = {
			isa = PBXTargetDependency;
			target = 86D6F50C29361C1D006EF087 /* SQLite Giris */;
			targetProxy = 86D6F52E29361C1E006EF087 /* PBXContainerItemProxy */;
		};
/* End PBXTargetDependency section */

/* Begin PBXVariantGroup section */
		86D6F51629361C1D006EF087 /* Main.storyboard */ = {
			isa = PBXVariantGroup;
			children = (
				86D6F51729361C1D006EF087 /* Base */,
			);
			name = Main.storyboard;
			sourceTree = "<group>";
		};
		86D6F51B29361C1E006EF087 /* LaunchScreen.storyboard */ = {
			isa = PBXVariantGroup;
			children = (
				86D6F51C29361C1E006EF087 /* Base */,
			);
			name = LaunchScreen.storyboard;
			sourceTree = "<group>";
		};
/* End PBXVariantGroup section */

/* Begin XCBuildConfiguration section */
		86D6F53529361C1E006EF087 /* Debug */ = {
			isa = XCBuildConfiguration;
			buildSettings = {
				ALWAYS_SEARCH_USER_PATHS = NO;
				CLANG_ANALYZER_NONNULL = YES;
				CLANG_ANALYZER_NUMBER_OBJECT_CONVERSION = YES_AGGRESSIVE;
				CLANG_CXX_LANGUAGE_STANDARD = "gnu++20";
				CLANG_ENABLE_MODULES = YES;
				CLANG_ENABLE_OBJC_ARC = YES;
				CLANG_ENABLE_OBJC_WEAK = YES;
				CLANG_WARN_BLOCK_CAPTURE_AUTORELEASING = YES;
				CLANG_WARN_BOOL_CONVERSION = YES;
				CLANG_WARN_COMMA = YES;
				CLANG_WARN_CONSTANT_CONVERSION = YES;
				CLANG_WARN_DEPRECATED_OBJC_IMPLEMENTATIONS = YES;
				CLANG_WARN_DIRECT_OBJC_ISA_USAGE = YES_ERROR;
				CLANG_WARN_DOCUMENTATION_COMMENTS = YES;
				CLANG_WARN_EMPTY_BODY = YES;
				CLANG_WARN_ENUM_CONVERSION = YES;
				CLANG_WARN_INFINITE_RECURSION = YES;
				CLANG_WARN_INT_CONVERSION = YES;
				CLANG_WARN_NON_LITERAL_NULL_CONVERSION = YES;
				CLANG_WARN_OBJC_IMPLICIT_RETAIN_SELF = YES;
				CLANG_WARN_OBJC_LITERAL_CONVERSION = YES;
				CLANG_WARN_OBJC_ROOT_CLASS = YES_ERROR;
				CLANG_WARN_QUOTED_INCLUDE_IN_FRAMEWORK_HEADER = YES;
				CLANG_WARN_RANGE_LOOP_ANALYSIS = YES;
				CLANG_WARN_STRICT_PROTOTYPES = YES;
				CLANG_WARN_SUSPICIOUS_MOVE = YES;
				CLANG_WARN_UNGUARDED_AVAILABILITY = YES_AGGRESSIVE;
				CLANG_WARN_UNREACHABLE_CODE = YES;
				CLANG_WARN__DUPLICATE_METHOD_MATCH = YES;
				COPY_PHASE_STRIP = NO;
				DEBUG_INFORMATION_FORMAT = dwarf;
				ENABLE_STRICT_OBJC_MSGSEND = YES;
				ENABLE_TESTABILITY = YES;
				GCC_C_LANGUAGE_STANDARD = gnu11;
				GCC_DYNAMIC_NO_PIC = NO;
				GCC_NO_COMMON_BLOCKS = YES;
				GCC_OPTIMIZATION_LEVEL = 0;
				GCC_PREPROCESSOR_DEFINITIONS = (
					"DEBUG=1",
					"$(inherited)",
				);
				GCC_WARN_64_TO_32_BIT_CONVERSION = YES;
				GCC_WARN_ABOUT_RETURN_TYPE = YES_ERROR;
				GCC_WARN_UNDECLARED_SELECTOR = YES;
				GCC_WARN_UNINITIALIZED_AUTOS = YES_AGGRESSIVE;
				GCC_WARN_UNUSED_FUNCTION = YES;
				GCC_WARN_UNUSED_VARIABLE = YES;
				IPHONEOS_DEPLOYMENT_TARGET = 16.0;
				MTL_ENABLE_DEBUG_INFO = INCLUDE_SOURCE;
				MTL_FAST_MATH = YES;
				ONLY_ACTIVE_ARCH = YES;
				SDKROOT = iphoneos;
				SWIFT_ACTIVE_COMPILATION_CONDITIONS = DEBUG;
				SWIFT_OPTIMIZATION_LEVEL = "-Onone";
			};
			name = Debug;
		};
		86D6F53629361C1E006EF087 /* Release */ = {
			isa = XCBuildConfiguration;
			buildSettings = {
				ALWAYS_SEARCH_USER_PATHS = NO;
				CLANG_ANALYZER_NONNULL = YES;
				CLANG_ANALYZER_NUMBER_OBJECT_CONVERSION = YES_AGGRESSIVE;
				CLANG_CXX_LANGUAGE_STANDARD = "gnu++20";
				CLANG_ENABLE_MODULES = YES;
				CLANG_ENABLE_OBJC_ARC = YES;
				CLANG_ENABLE_OBJC_WEAK = YES;
				CLANG_WARN_BLOCK_CAPTURE_AUTORELEASING = YES;
				CLANG_WARN_BOOL_CONVERSION = YES;
				CLANG_WARN_COMMA = YES;
				CLANG_WARN_CONSTANT_CONVERSION = YES;
				CLANG_WARN_DEPRECATED_OBJC_IMPLEMENTATIONS = YES;
				CLANG_WARN_DIRECT_OBJC_ISA_USAGE = YES_ERROR;
				CLANG_WARN_DOCUMENTATION_COMMENTS = YES;
				CLANG_WARN_EMPTY_BODY = YES;
				CLANG_WARN_ENUM_CONVERSION = YES;
				CLANG_WARN_INFINITE_RECURSION = YES;
				CLANG_WARN_INT_CONVERSION = YES;
				CLANG_WARN_NON_LITERAL_NULL_CONVERSION = YES;
				CLANG_WARN_OBJC_IMPLICIT_RETAIN_SELF = YES;
				CLANG_WARN_OBJC_LITERAL_CONVERSION = YES;
				CLANG_WARN_OBJC_ROOT_CLASS = YES_ERROR;
				CLANG_WARN_QUOTED_INCLUDE_IN_FRAMEWORK_HEADER = YES;
				CLANG_WARN_RANGE_LOOP_ANALYSIS = YES;
				CLANG_WARN_STRICT_PROTOTYPES = YES;
				CLANG_WARN_SUSPICIOUS_MOVE = YES;
				CLANG_WARN_UNGUARDED_AVAILABILITY = YES_AGGRESSIVE;
				CLANG_WARN_UNREACHABLE_CODE = YES;
				CLANG_WARN__DUPLICATE_METHOD_MATCH = YES;
				COPY_PHASE_STRIP = NO;
				DEBUG_INFORMATION_FORMAT = "dwarf-with-dsym";
				ENABLE_NS_ASSERTIONS = NO;
				ENABLE_STRICT_OBJC_MSGSEND = YES;
				GCC_C_LANGUAGE_STANDARD = gnu11;
				GCC_NO_COMMON_BLOCKS = YES;
				GCC_WARN_64_TO_32_BIT_CONVERSION = YES;
				GCC_WARN_ABOUT_RETURN_TYPE = YES_ERROR;
				GCC_WARN_UNDECLARED_SELECTOR = YES;
				GCC_WARN_UNINITIALIZED_AUTOS = YES_AGGRESSIVE;
				GCC_WARN_UNUSED_FUNCTION = YES;
				GCC_WARN_UNUSED_VARIABLE = YES;
				IPHONEOS_DEPLOYMENT_TARGET = 16.0;
				MTL_ENABLE_DEBUG_INFO = NO;
				MTL_FAST_MATH = YES;
				SDKROOT = iphoneos;
				SWIFT_COMPILATION_MODE = wholemodule;
				SWIFT_OPTIMIZATION_LEVEL = "-O";
				VALIDATE_PRODUCT = YES;
			};
			name = Release;
		};
		86D6F53829361C1E006EF087 /* Debug */ = {
			isa = XCBuildConfiguration;
			buildSettings = {
				ASSETCATALOG_COMPILER_APPICON_NAME = AppIcon;
				ASSETCATALOG_COMPILER_GLOBAL_ACCENT_COLOR_NAME = AccentColor;
				CLANG_ENABLE_MODULES = YES;
				CODE_SIGN_STYLE = Automatic;
				CURRENT_PROJECT_VERSION = 1;
				DEVELOPMENT_TEAM = DW4R8GHFA2;
				GENERATE_INFOPLIST_FILE = YES;
				INFOPLIST_FILE = "SQLite Giris/Info.plist";
				INFOPLIST_KEY_UIApplicationSupportsIndirectInputEvents = YES;
				INFOPLIST_KEY_UILaunchStoryboardName = LaunchScreen;
				INFOPLIST_KEY_UIMainStoryboardFile = Main;
				INFOPLIST_KEY_UISupportedInterfaceOrientations_iPad = "UIInterfaceOrientationPortrait UIInterfaceOrientationPortraitUpsideDown UIInterfaceOrientationLandscapeLeft UIInterfaceOrientationLandscapeRight";
				INFOPLIST_KEY_UISupportedInterfaceOrientations_iPhone = "UIInterfaceOrientationPortrait UIInterfaceOrientationLandscapeLeft UIInterfaceOrientationLandscapeRight";
				LD_RUNPATH_SEARCH_PATHS = (
					"$(inherited)",
					"@executable_path/Frameworks",
				);
				MARKETING_VERSION = 1.0;
				PRODUCT_BUNDLE_IDENTIFIER = "ilker.SQLite-Giris";
				PRODUCT_NAME = "$(TARGET_NAME)";
				SWIFT_EMIT_LOC_STRINGS = YES;
				SWIFT_OBJC_BRIDGING_HEADER = "SQLite Giris/SQLite Giris-Bridging-Header.h";
				SWIFT_OPTIMIZATION_LEVEL = "-Onone";
				SWIFT_VERSION = 5.0;
				TARGETED_DEVICE_FAMILY = "1,2";
			};
			name = Debug;
		};
		86D6F53929361C1E006EF087 /* Release */ = {
			isa = XCBuildConfiguration;
			buildSettings = {
				ASSETCATALOG_COMPILER_APPICON_NAME = AppIcon;
				ASSETCATALOG_COMPILER_GLOBAL_ACCENT_COLOR_NAME = AccentColor;
				CLANG_ENABLE_MODULES = YES;
				CODE_SIGN_STYLE = Automatic;
				CURRENT_PROJECT_VERSION = 1;
				DEVELOPMENT_TEAM = DW4R8GHFA2;
				GENERATE_INFOPLIST_FILE = YES;
				INFOPLIST_FILE = "SQLite Giris/Info.plist";
				INFOPLIST_KEY_UIApplicationSupportsIndirectInputEvents = YES;
				INFOPLIST_KEY_UILaunchStoryboardName = LaunchScreen;
				INFOPLIST_KEY_UIMainStoryboardFile = Main;
				INFOPLIST_KEY_UISupportedInterfaceOrientations_iPad = "UIInterfaceOrientationPortrait UIInterfaceOrientationPortraitUpsideDown UIInterfaceOrientationLandscapeLeft UIInterfaceOrientationLandscapeRight";
				INFOPLIST_KEY_UISupportedInterfaceOrientations_iPhone = "UIInterfaceOrientationPortrait UIInterfaceOrientationLandscapeLeft UIInterfaceOrientationLandscapeRight";
				LD_RUNPATH_SEARCH_PATHS = (
					"$(inherited)",
					"@executable_path/Frameworks",
				);
				MARKETING_VERSION = 1.0;
				PRODUCT_BUNDLE_IDENTIFIER = "ilker.SQLite-Giris";
				PRODUCT_NAME = "$(TARGET_NAME)";
				SWIFT_EMIT_LOC_STRINGS = YES;
				SWIFT_OBJC_BRIDGING_HEADER = "SQLite Giris/SQLite Giris-Bridging-Header.h";
				SWIFT_VERSION = 5.0;
				TARGETED_DEVICE_FAMILY = "1,2";
			};
			name = Release;
		};
		86D6F53B29361C1E006EF087 /* Debug */ = {
			isa = XCBuildConfiguration;
			buildSettings = {
				ALWAYS_EMBED_SWIFT_STANDARD_LIBRARIES = YES;
				BUNDLE_LOADER = "$(TEST_HOST)";
				CODE_SIGN_STYLE = Automatic;
				CURRENT_PROJECT_VERSION = 1;
				DEVELOPMENT_TEAM = DW4R8GHFA2;
				GENERATE_INFOPLIST_FILE = YES;
				IPHONEOS_DEPLOYMENT_TARGET = 16.0;
				MARKETING_VERSION = 1.0;
				PRODUCT_BUNDLE_IDENTIFIER = "ilker.SQLite-GirisTests";
				PRODUCT_NAME = "$(TARGET_NAME)";
				SWIFT_EMIT_LOC_STRINGS = NO;
				SWIFT_VERSION = 5.0;
				TARGETED_DEVICE_FAMILY = "1,2";
				TEST_HOST = "$(BUILT_PRODUCTS_DIR)/SQLite Giris.app/$(BUNDLE_EXECUTABLE_FOLDER_PATH)/SQLite Giris";
			};
			name = Debug;
		};
		86D6F53C29361C1E006EF087 /* Release */ = {
			isa = XCBuildConfiguration;
			buildSettings = {
				ALWAYS_EMBED_SWIFT_STANDARD_LIBRARIES = YES;
				BUNDLE_LOADER = "$(TEST_HOST)";
				CODE_SIGN_STYLE = Automatic;
				CURRENT_PROJECT_VERSION = 1;
				DEVELOPMENT_TEAM = DW4R8GHFA2;
				GENERATE_INFOPLIST_FILE = YES;
				IPHONEOS_DEPLOYMENT_TARGET = 16.0;
				MARKETING_VERSION = 1.0;
				PRODUCT_BUNDLE_IDENTIFIER = "ilker.SQLite-GirisTests";
				PRODUCT_NAME = "$(TARGET_NAME)";
				SWIFT_EMIT_LOC_STRINGS = NO;
				SWIFT_VERSION = 5.0;
				TARGETED_DEVICE_FAMILY = "1,2";
				TEST_HOST = "$(BUILT_PRODUCTS_DIR)/SQLite Giris.app/$(BUNDLE_EXECUTABLE_FOLDER_PATH)/SQLite Giris";
			};
			name = Release;
		};
		86D6F53E29361C1E006EF087 /* Debug */ = {
			isa = XCBuildConfiguration;
			buildSettings = {
				ALWAYS_EMBED_SWIFT_STANDARD_LIBRARIES = YES;
				CODE_SIGN_STYLE = Automatic;
				CURRENT_PROJECT_VERSION = 1;
				DEVELOPMENT_TEAM = DW4R8GHFA2;
				GENERATE_INFOPLIST_FILE = YES;
				MARKETING_VERSION = 1.0;
				PRODUCT_BUNDLE_IDENTIFIER = "ilker.SQLite-GirisUITests";
				PRODUCT_NAME = "$(TARGET_NAME)";
				SWIFT_EMIT_LOC_STRINGS = NO;
				SWIFT_VERSION = 5.0;
				TARGETED_DEVICE_FAMILY = "1,2";
				TEST_TARGET_NAME = "SQLite Giris";
			};
			name = Debug;
		};
		86D6F53F29361C1E006EF087 /* Release */ = {
			isa = XCBuildConfiguration;
			buildSettings = {
				ALWAYS_EMBED_SWIFT_STANDARD_LIBRARIES = YES;
				CODE_SIGN_STYLE = Automatic;
				CURRENT_PROJECT_VERSION = 1;
				DEVELOPMENT_TEAM = DW4R8GHFA2;
				GENERATE_INFOPLIST_FILE = YES;
				MARKETING_VERSION = 1.0;
				PRODUCT_BUNDLE_IDENTIFIER = "ilker.SQLite-GirisUITests";
				PRODUCT_NAME = "$(TARGET_NAME)";
				SWIFT_EMIT_LOC_STRINGS = NO;
				SWIFT_VERSION = 5.0;
				TARGETED_DEVICE_FAMILY = "1,2";
				TEST_TARGET_NAME = "SQLite Giris";
			};
			name = Release;
		};
/* End XCBuildConfiguration section */

/* Begin XCConfigurationList section */
		86D6F50829361C1D006EF087 /* Build configuration list for PBXProject "SQLite Giris" */ = {
			isa = XCConfigurationList;
			buildConfigurations = (
				86D6F53529361C1E006EF087 /* Debug */,
				86D6F53629361C1E006EF087 /* Release */,
			);
			defaultConfigurationIsVisible = 0;
			defaultConfigurationName = Release;
		};
		86D6F53729361C1E006EF087 /* Build configuration list for PBXNativeTarget "SQLite Giris" */ = {
			isa = XCConfigurationList;
			buildConfigurations = (
				86D6F53829361C1E006EF087 /* Debug */,
				86D6F53929361C1E006EF087 /* Release */,
			);
			defaultConfigurationIsVisible = 0;
			defaultConfigurationName = Release;
		};
		86D6F53A29361C1E006EF087 /* Build configuration list for PBXNativeTarget "SQLite GirisTests" */ = {
			isa = XCConfigurationList;
			buildConfigurations = (
				86D6F53B29361C1E006EF087 /* Debug */,
				86D6F53C29361C1E006EF087 /* Release */,
			);
			defaultConfigurationIsVisible = 0;
			defaultConfigurationName = Release;
		};
		86D6F53D29361C1E006EF087 /* Build configuration list for PBXNativeTarget "SQLite GirisUITests" */ = {
			isa = XCConfigurationList;
			buildConfigurations = (
				86D6F53E29361C1E006EF087 /* Debug */,
				86D6F53F29361C1E006EF087 /* Release */,
			);
			defaultConfigurationIsVisible = 0;
			defaultConfigurationName = Release;
		};
/* End XCConfigurationList section */
	};
	rootObject = 86D6F50529361C1D006EF087 /* Project object */;
}
